{
  "originHash" : "92befbd877e87872a31f5616ccb1fdeae0a935c665f486f1899dd156a116577f",
  "pins" : [
    {
      "identity" : "swiftlintplugins",
      "kind" : "remoteSourceControl",
      "location" : "https://github.com/SimplyDanny/SwiftLintPlugins",
      "state" : {
        "revision" : "7c80ce6f142164b0201871e580b021d1b2c69804",
        "version" : "0.57.0"
      }
    }
  ],
  "version" : 3
}
